// !$*UTF8*$!
{
	archiveVersion = 1;
	classes = {
	};
	objectVersion = 50;
	objects = {

/* Begin PBXBuildFile section */
		B40A24FB2391C31300DF8771 /* AccessoryView.swift in Sources */ = {isa = PBXBuildFile; fileRef = B40A24FA2391C31300DF8771 /* AccessoryView.swift */; };
		B49AB2A927ED0E3200BE2701 /* App.swift in Sources */ = {isa = PBXBuildFile; fileRef = B49AB2A827ED0E3200BE2701 /* App.swift */; };
		B49AB2AB27ED0F4E00BE2701 /* Cell.swift in Sources */ = {isa = PBXBuildFile; fileRef = B49AB2AA27ED0F4E00BE2701 /* Cell.swift */; };
		B49AB2B327ED22AD00BE2701 /* CodableTests.swift in Sources */ = {isa = PBXBuildFile; fileRef = B49AB2B227ED22AD00BE2701 /* CodableTests.swift */; };
		B4A2EE45238C1FD0005B60FF /* CoolView.swift in Sources */ = {isa = PBXBuildFile; fileRef = B4A2EE44238C1FD0005B60FF /* CoolView.swift */; };
		B4A2EE49238EFA09005B60FF /* CoolViewCell.swift in Sources */ = {isa = PBXBuildFile; fileRef = B4A2EE48238EFA09005B60FF /* CoolViewCell.swift */; };
		B4A2EE4B23915C08005B60FF /* CellStore.swift in Sources */ = {isa = PBXBuildFile; fileRef = B4A2EE4A23915C08005B60FF /* CellStore.swift */; };
		B4CF2E2723899AA9000322E6 /* Assets.xcassets in Resources */ = {isa = PBXBuildFile; fileRef = B4CF2E2623899AA9000322E6 /* Assets.xcassets */; };
		B4CF2E2A23899AA9000322E6 /* Preview Assets.xcassets in Resources */ = {isa = PBXBuildFile; fileRef = B4CF2E2923899AA9000322E6 /* Preview Assets.xcassets */; };
		B4CF2E2D23899AA9000322E6 /* LaunchScreen.storyboard in Resources */ = {isa = PBXBuildFile; fileRef = B4CF2E2B23899AA9000322E6 /* LaunchScreen.storyboard */; };
/* End PBXBuildFile section */

/* Begin PBXContainerItemProxy section */
		B49AB2B427ED22AD00BE2701 /* PBXContainerItemProxy */ = {
			isa = PBXContainerItemProxy;
			containerPortal = B4CF2E1523899AA6000322E6 /* Project object */;
			proxyType = 1;
			remoteGlobalIDString = B4CF2E1C23899AA6000322E6;
			remoteInfo = "SwiftUI-Coolness";
		};
/* End PBXContainerItemProxy section */

/* Begin PBXFileReference section */
		B40A24FA2391C31300DF8771 /* AccessoryView.swift */ = {isa = PBXFileReference; lastKnownFileType = sourcecode.swift; path = AccessoryView.swift; sourceTree = "<group>"; };
		B49AB2A827ED0E3200BE2701 /* App.swift */ = {isa = PBXFileReference; lastKnownFileType = sourcecode.swift; path = App.swift; sourceTree = "<group>"; };
		B49AB2AA27ED0F4E00BE2701 /* Cell.swift */ = {isa = PBXFileReference; lastKnownFileType = sourcecode.swift; path = Cell.swift; sourceTree = "<group>"; };
		B49AB2B027ED22AC00BE2701 /* UnitTests.xctest */ = {isa = PBXFileReference; explicitFileType = wrapper.cfbundle; includeInIndex = 0; path = UnitTests.xctest; sourceTree = BUILT_PRODUCTS_DIR; };
		B49AB2B227ED22AD00BE2701 /* CodableTests.swift */ = {isa = PBXFileReference; lastKnownFileType = sourcecode.swift; path = CodableTests.swift; sourceTree = "<group>"; };
		B49AB2B927ED2B1800BE2701 /* Cells.json */ = {isa = PBXFileReference; lastKnownFileType = text.json; path = Cells.json; sourceTree = "<group>"; };
		B4A2EE44238C1FD0005B60FF /* CoolView.swift */ = {isa = PBXFileReference; lastKnownFileType = sourcecode.swift; path = CoolView.swift; sourceTree = "<group>"; };
		B4A2EE48238EFA09005B60FF /* CoolViewCell.swift */ = {isa = PBXFileReference; lastKnownFileType = sourcecode.swift; path = CoolViewCell.swift; sourceTree = "<group>"; };
		B4A2EE4A23915C08005B60FF /* CellStore.swift */ = {isa = PBXFileReference; lastKnownFileType = sourcecode.swift; path = CellStore.swift; sourceTree = "<group>"; };
		B4CF2E1D23899AA6000322E6 /* SwiftUI-Coolness.app */ = {isa = PBXFileReference; explicitFileType = wrapper.application; includeInIndex = 0; path = "SwiftUI-Coolness.app"; sourceTree = BUILT_PRODUCTS_DIR; };
		B4CF2E2623899AA9000322E6 /* Assets.xcassets */ = {isa = PBXFileReference; lastKnownFileType = folder.assetcatalog; path = Assets.xcassets; sourceTree = "<group>"; };
		B4CF2E2923899AA9000322E6 /* Preview Assets.xcassets */ = {isa = PBXFileReference; lastKnownFileType = folder.assetcatalog; path = "Preview Assets.xcassets"; sourceTree = "<group>"; };
		B4CF2E2C23899AA9000322E6 /* Base */ = {isa = PBXFileReference; lastKnownFileType = file.storyboard; name = Base; path = Base.lproj/LaunchScreen.storyboard; sourceTree = "<group>"; };
		B4CF2E2E23899AA9000322E6 /* Info.plist */ = {isa = PBXFileReference; lastKnownFileType = text.plist.xml; path = Info.plist; sourceTree = "<group>"; };
/* End PBXFileReference section */

/* Begin PBXFrameworksBuildPhase section */
		B49AB2AD27ED22AC00BE2701 /* Frameworks */ = {
			isa = PBXFrameworksBuildPhase;
			buildActionMask = 2147483647;
			files = (
			);
			runOnlyForDeploymentPostprocessing = 0;
		};
		B4CF2E1A23899AA6000322E6 /* Frameworks */ = {
			isa = PBXFrameworksBuildPhase;
			buildActionMask = 2147483647;
			files = (
			);
			runOnlyForDeploymentPostprocessing = 0;
		};
/* End PBXFrameworksBuildPhase section */

/* Begin PBXGroup section */
		B49AB2B127ED22AD00BE2701 /* UnitTests */ = {
			isa = PBXGroup;
			children = (
				B49AB2B227ED22AD00BE2701 /* CodableTests.swift */,
			);
			path = UnitTests;
			sourceTree = "<group>";
		};
		B4CF2E1423899AA6000322E6 = {
			isa = PBXGroup;
			children = (
				B4CF2E1F23899AA6000322E6 /* SwiftUI-Coolness */,
				B49AB2B127ED22AD00BE2701 /* UnitTests */,
				B4CF2E1E23899AA6000322E6 /* Products */,
			);
			sourceTree = "<group>";
		};
		B4CF2E1E23899AA6000322E6 /* Products */ = {
			isa = PBXGroup;
			children = (
				B4CF2E1D23899AA6000322E6 /* SwiftUI-Coolness.app */,
				B49AB2B027ED22AC00BE2701 /* UnitTests.xctest */,
			);
			name = Products;
			sourceTree = "<group>";
		};
		B4CF2E1F23899AA6000322E6 /* SwiftUI-Coolness */ = {
			isa = PBXGroup;
			children = (
				B49AB2A827ED0E3200BE2701 /* App.swift */,
				B4A2EE44238C1FD0005B60FF /* CoolView.swift */,
				B4A2EE48238EFA09005B60FF /* CoolViewCell.swift */,
				B40A24FA2391C31300DF8771 /* AccessoryView.swift */,
				B4A2EE4A23915C08005B60FF /* CellStore.swift */,
				B49AB2AA27ED0F4E00BE2701 /* Cell.swift */,
				B49AB2B927ED2B1800BE2701 /* Cells.json */,
				B4CF2E2623899AA9000322E6 /* Assets.xcassets */,
				B4CF2E2B23899AA9000322E6 /* LaunchScreen.storyboard */,
				B4CF2E2E23899AA9000322E6 /* Info.plist */,
				B4CF2E2823899AA9000322E6 /* Preview Content */,
			);
			path = "SwiftUI-Coolness";
			sourceTree = "<group>";
		};
		B4CF2E2823899AA9000322E6 /* Preview Content */ = {
			isa = PBXGroup;
			children = (
				B4CF2E2923899AA9000322E6 /* Preview Assets.xcassets */,
			);
			path = "Preview Content";
			sourceTree = "<group>";
		};
/* End PBXGroup section */

/* Begin PBXNativeTarget section */
		B49AB2AF27ED22AC00BE2701 /* UnitTests */ = {
			isa = PBXNativeTarget;
			buildConfigurationList = B49AB2B627ED22AD00BE2701 /* Build configuration list for PBXNativeTarget "UnitTests" */;
			buildPhases = (
				B49AB2AC27ED22AC00BE2701 /* Sources */,
				B49AB2AD27ED22AC00BE2701 /* Frameworks */,
				B49AB2AE27ED22AC00BE2701 /* Resources */,
			);
			buildRules = (
			);
			dependencies = (
				B49AB2B527ED22AD00BE2701 /* PBXTargetDependency */,
			);
			name = UnitTests;
			productName = UnitTests;
			productReference = B49AB2B027ED22AC00BE2701 /* UnitTests.xctest */;
			productType = "com.apple.product-type.bundle.unit-test";
		};
		B4CF2E1C23899AA6000322E6 /* SwiftUI-Coolness */ = {
			isa = PBXNativeTarget;
			buildConfigurationList = B4CF2E3123899AA9000322E6 /* Build configuration list for PBXNativeTarget "SwiftUI-Coolness" */;
			buildPhases = (
				B4CF2E1923899AA6000322E6 /* Sources */,
				B4CF2E1A23899AA6000322E6 /* Frameworks */,
				B4CF2E1B23899AA6000322E6 /* Resources */,
			);
			buildRules = (
			);
			dependencies = (
			);
			name = "SwiftUI-Coolness";
			productName = "SwiftUI-Coolness";
			productReference = B4CF2E1D23899AA6000322E6 /* SwiftUI-Coolness.app */;
			productType = "com.apple.product-type.application";
		};
/* End PBXNativeTarget section */

/* Begin PBXProject section */
		B4CF2E1523899AA6000322E6 /* Project object */ = {
			isa = PBXProject;
			attributes = {
				LastSwiftUpdateCheck = 1330;
				LastUpgradeCheck = 1200;
				ORGANIZATIONNAME = "About Objects";
				TargetAttributes = {
					B49AB2AF27ED22AC00BE2701 = {
						CreatedOnToolsVersion = 13.3;
						TestTargetID = B4CF2E1C23899AA6000322E6;
					};
					B4CF2E1C23899AA6000322E6 = {
						CreatedOnToolsVersion = 11.2.1;
					};
				};
			};
			buildConfigurationList = B4CF2E1823899AA6000322E6 /* Build configuration list for PBXProject "SwiftUI-Coolness" */;
			compatibilityVersion = "Xcode 9.3";
			developmentRegion = en;
			hasScannedForEncodings = 0;
			knownRegions = (
				en,
				Base,
			);
			mainGroup = B4CF2E1423899AA6000322E6;
			productRefGroup = B4CF2E1E23899AA6000322E6 /* Products */;
			projectDirPath = "";
			projectRoot = "";
			targets = (
				B4CF2E1C23899AA6000322E6 /* SwiftUI-Coolness */,
				B49AB2AF27ED22AC00BE2701 /* UnitTests */,
			);
		};
/* End PBXProject section */

/* Begin PBXResourcesBuildPhase section */
		B49AB2AE27ED22AC00BE2701 /* Resources */ = {
			isa = PBXResourcesBuildPhase;
			buildActionMask = 2147483647;
			files = (
			);
			runOnlyForDeploymentPostprocessing = 0;
		};
		B4CF2E1B23899AA6000322E6 /* Resources */ = {
			isa = PBXResourcesBuildPhase;
			buildActionMask = 2147483647;
			files = (
				B4CF2E2D23899AA9000322E6 /* LaunchScreen.storyboard in Resources */,
				B4CF2E2A23899AA9000322E6 /* Preview Assets.xcassets in Resources */,
				B4CF2E2723899AA9000322E6 /* Assets.xcassets in Resources */,
			);
			runOnlyForDeploymentPostprocessing = 0;
		};
/* End PBXResourcesBuildPhase section */

/* Begin PBXSourcesBuildPhase section */
		B49AB2AC27ED22AC00BE2701 /* Sources */ = {
			isa = PBXSourcesBuildPhase;
			buildActionMask = 2147483647;
			files = (
				B49AB2B327ED22AD00BE2701 /* CodableTests.swift in Sources */,
			);
			runOnlyForDeploymentPostprocessing = 0;
		};
		B4CF2E1923899AA6000322E6 /* Sources */ = {
			isa = PBXSourcesBuildPhase;
			buildActionMask = 2147483647;
			files = (
				B4A2EE49238EFA09005B60FF /* CoolViewCell.swift in Sources */,
				B40A24FB2391C31300DF8771 /* AccessoryView.swift in Sources */,
				B4A2EE4B23915C08005B60FF /* CellStore.swift in Sources */,
				B4A2EE45238C1FD0005B60FF /* CoolView.swift in Sources */,
				B49AB2A927ED0E3200BE2701 /* App.swift in Sources */,
				B49AB2AB27ED0F4E00BE2701 /* Cell.swift in Sources */,
			);
			runOnlyForDeploymentPostprocessing = 0;
		};
/* End PBXSourcesBuildPhase section */

/* Begin PBXTargetDependency section */
		B49AB2B527ED22AD00BE2701 /* PBXTargetDependency */ = {
			isa = PBXTargetDependency;
			target = B4CF2E1C23899AA6000322E6 /* SwiftUI-Coolness */;
			targetProxy = B49AB2B427ED22AD00BE2701 /* PBXContainerItemProxy */;
		};
/* End PBXTargetDependency section */

/* Begin PBXVariantGroup section */
		B4CF2E2B23899AA9000322E6 /* LaunchScreen.storyboard */ = {
			isa = PBXVariantGroup;
			children = (
				B4CF2E2C23899AA9000322E6 /* Base */,
			);
			name = LaunchScreen.storyboard;
			sourceTree = "<group>";
		};
/* End PBXVariantGroup section */

/* Begin XCBuildConfiguration section */
		B49AB2B727ED22AD00BE2701 /* Debug */ = {
			isa = XCBuildConfiguration;
			buildSettings = {
				BUNDLE_LOADER = "$(TEST_HOST)";
				CLANG_CXX_LANGUAGE_STANDARD = "gnu++17";
				CODE_SIGN_STYLE = Automatic;
				CURRENT_PROJECT_VERSION = 1;
				DEVELOPMENT_TEAM = 7J7LD9SB6Q;
				GENERATE_INFOPLIST_FILE = YES;
				MARKETING_VERSION = 1.0;
				PRODUCT_BUNDLE_IDENTIFIER = com.aboutobjects.training.UnitTests;
				PRODUCT_NAME = "$(TARGET_NAME)";
				SWIFT_EMIT_LOC_STRINGS = NO;
				SWIFT_VERSION = 5.0;
				TARGETED_DEVICE_FAMILY = "1,2";
				TEST_HOST = "$(BUILT_PRODUCTS_DIR)/SwiftUI-Coolness.app/SwiftUI-Coolness";
			};
			name = Debug;
		};
		B49AB2B827ED22AD00BE2701 /* Release */ = {
			isa = XCBuildConfiguration;
			buildSettings = {
				BUNDLE_LOADER = "$(TEST_HOST)";
				CLANG_CXX_LANGUAGE_STANDARD = "gnu++17";
				CODE_SIGN_STYLE = Automatic;
				CURRENT_PROJECT_VERSION = 1;
				DEVELOPMENT_TEAM = 7J7LD9SB6Q;
				GENERATE_INFOPLIST_FILE = YES;
				MARKETING_VERSION = 1.0;
				PRODUCT_BUNDLE_IDENTIFIER = com.aboutobjects.training.UnitTests;
				PRODUCT_NAME = "$(TARGET_NAME)";
				SWIFT_EMIT_LOC_STRINGS = NO;
				SWIFT_VERSION = 5.0;
				TARGETED_DEVICE_FAMILY = "1,2";
				TEST_HOST = "$(BUILT_PRODUCTS_DIR)/SwiftUI-Coolness.app/SwiftUI-Coolness";
			};
			name = Release;
		};
		B4CF2E2F23899AA9000322E6 /* Debug */ = {
			isa = XCBuildConfiguration;
			buildSettings = {
				ALWAYS_SEARCH_USER_PATHS = NO;
				CLANG_ANALYZER_NONNULL = YES;
				CLANG_ANALYZER_NUMBER_OBJECT_CONVERSION = YES_AGGRESSIVE;
				CLANG_CXX_LANGUAGE_STANDARD = "gnu++14";
				CLANG_CXX_LIBRARY = "libc++";
				CLANG_ENABLE_MODULES = YES;
				CLANG_ENABLE_OBJC_ARC = YES;
				CLANG_ENABLE_OBJC_WEAK = YES;
				CLANG_WARN_BLOCK_CAPTURE_AUTORELEASING = YES;
				CLANG_WARN_BOOL_CONVERSION = YES;
				CLANG_WARN_COMMA = YES;
				CLANG_WARN_CONSTANT_CONVERSION = YES;
				CLANG_WARN_DEPRECATED_OBJC_IMPLEMENTATIONS = YES;
				CLANG_WARN_DIRECT_OBJC_ISA_USAGE = YES_ERROR;
				CLANG_WARN_DOCUMENTATION_COMMENTS = YES;
				CLANG_WARN_EMPTY_BODY = YES;
				CLANG_WARN_ENUM_CONVERSION = YES;
				CLANG_WARN_INFINITE_RECURSION = YES;
				CLANG_WARN_INT_CONVERSION = YES;
				CLANG_WARN_NON_LITERAL_NULL_CONVERSION = YES;
				CLANG_WARN_OBJC_IMPLICIT_RETAIN_SELF = YES;
				CLANG_WARN_OBJC_LITERAL_CONVERSION = YES;
				CLANG_WARN_OBJC_ROOT_CLASS = YES_ERROR;
				CLANG_WARN_QUOTED_INCLUDE_IN_FRAMEWORK_HEADER = YES;
				CLANG_WARN_RANGE_LOOP_ANALYSIS = YES;
				CLANG_WARN_STRICT_PROTOTYPES = YES;
				CLANG_WARN_SUSPICIOUS_MOVE = YES;
				CLANG_WARN_UNGUARDED_AVAILABILITY = YES_AGGRESSIVE;
				CLANG_WARN_UNREACHABLE_CODE = YES;
				CLANG_WARN__DUPLICATE_METHOD_MATCH = YES;
				COPY_PHASE_STRIP = NO;
				DEBUG_INFORMATION_FORMAT = dwarf;
				ENABLE_STRICT_OBJC_MSGSEND = YES;
				ENABLE_TESTABILITY = YES;
				GCC_C_LANGUAGE_STANDARD = gnu11;
				GCC_DYNAMIC_NO_PIC = NO;
				GCC_NO_COMMON_BLOCKS = YES;
				GCC_OPTIMIZATION_LEVEL = 0;
				GCC_PREPROCESSOR_DEFINITIONS = (
					"DEBUG=1",
					"$(inherited)",
				);
				GCC_WARN_64_TO_32_BIT_CONVERSION = YES;
				GCC_WARN_ABOUT_RETURN_TYPE = YES_ERROR;
				GCC_WARN_UNDECLARED_SELECTOR = YES;
				GCC_WARN_UNINITIALIZED_AUTOS = YES_AGGRESSIVE;
				GCC_WARN_UNUSED_FUNCTION = YES;
				GCC_WARN_UNUSED_VARIABLE = YES;
				IPHONEOS_DEPLOYMENT_TARGET = 15.4;
				MTL_ENABLE_DEBUG_INFO = INCLUDE_SOURCE;
				MTL_FAST_MATH = YES;
				ONLY_ACTIVE_ARCH = YES;
				SDKROOT = iphoneos;
				SWIFT_ACTIVE_COMPILATION_CONDITIONS = DEBUG;
				SWIFT_OPTIMIZATION_LEVEL = "-Onone";
			};
			name = Debug;
		};
		B4CF2E3023899AA9000322E6 /* Release */ = {
			isa = XCBuildConfiguration;
			buildSettings = {
				ALWAYS_SEARCH_USER_PATHS = NO;
				CLANG_ANALYZER_NONNULL = YES;
				CLANG_ANALYZER_NUMBER_OBJECT_CONVERSION = YES_AGGRESSIVE;
				CLANG_CXX_LANGUAGE_STANDARD = "gnu++14";
				CLANG_CXX_LIBRARY = "libc++";
				CLANG_ENABLE_MODULES = YES;
				CLANG_ENABLE_OBJC_ARC = YES;
				CLANG_ENABLE_OBJC_WEAK = YES;
				CLANG_WARN_BLOCK_CAPTURE_AUTORELEASING = YES;
				CLANG_WARN_BOOL_CONVERSION = YES;
				CLANG_WARN_COMMA = YES;
				CLANG_WARN_CONSTANT_CONVERSION = YES;
				CLANG_WARN_DEPRECATED_OBJC_IMPLEMENTATIONS = YES;
				CLANG_WARN_DIRECT_OBJC_ISA_USAGE = YES_ERROR;
				CLANG_WARN_DOCUMENTATION_COMMENTS = YES;
				CLANG_WARN_EMPTY_BODY = YES;
				CLANG_WARN_ENUM_CONVERSION = YES;
				CLANG_WARN_INFINITE_RECURSION = YES;
				CLANG_WARN_INT_CONVERSION = YES;
				CLANG_WARN_NON_LITERAL_NULL_CONVERSION = YES;
				CLANG_WARN_OBJC_IMPLICIT_RETAIN_SELF = YES;
				CLANG_WARN_OBJC_LITERAL_CONVERSION = YES;
				CLANG_WARN_OBJC_ROOT_CLASS = YES_ERROR;
				CLANG_WARN_QUOTED_INCLUDE_IN_FRAMEWORK_HEADER = YES;
				CLANG_WARN_RANGE_LOOP_ANALYSIS = YES;
				CLANG_WARN_STRICT_PROTOTYPES = YES;
				CLANG_WARN_SUSPICIOUS_MOVE = YES;
				CLANG_WARN_UNGUARDED_AVAILABILITY = YES_AGGRESSIVE;
				CLANG_WARN_UNREACHABLE_CODE = YES;
				CLANG_WARN__DUPLICATE_METHOD_MATCH = YES;
				COPY_PHASE_STRIP = NO;
				DEBUG_INFORMATION_FORMAT = "dwarf-with-dsym";
				ENABLE_NS_ASSERTIONS = NO;
				ENABLE_STRICT_OBJC_MSGSEND = YES;
				GCC_C_LANGUAGE_STANDARD = gnu11;
				GCC_NO_COMMON_BLOCKS = YES;
				GCC_WARN_64_TO_32_BIT_CONVERSION = YES;
				GCC_WARN_ABOUT_RETURN_TYPE = YES_ERROR;
				GCC_WARN_UNDECLARED_SELECTOR = YES;
				GCC_WARN_UNINITIALIZED_AUTOS = YES_AGGRESSIVE;
				GCC_WARN_UNUSED_FUNCTION = YES;
				GCC_WARN_UNUSED_VARIABLE = YES;
				IPHONEOS_DEPLOYMENT_TARGET = 15.4;
				MTL_ENABLE_DEBUG_INFO = NO;
				MTL_FAST_MATH = YES;
				SDKROOT = iphoneos;
				SWIFT_COMPILATION_MODE = wholemodule;
				SWIFT_OPTIMIZATION_LEVEL = "-O";
				VALIDATE_PRODUCT = YES;
			};
			name = Release;
		};
		B4CF2E3223899AA9000322E6 /* Debug */ = {
			isa = XCBuildConfiguration;
			buildSettings = {
				ASSETCATALOG_COMPILER_APPICON_NAME = AppIcon;
				CODE_SIGN_STYLE = Automatic;
				DEVELOPMENT_ASSET_PATHS = "\"SwiftUI-Coolness/Preview Content\"";
				DEVELOPMENT_TEAM = 7J7LD9SB6Q;
				ENABLE_PREVIEWS = YES;
				INFOPLIST_FILE = "SwiftUI-Coolness/Info.plist";
				LD_RUNPATH_SEARCH_PATHS = (
					"$(inherited)",
					"@executable_path/Frameworks",
				);
				PRODUCT_BUNDLE_IDENTIFIER = "com.aboutobjects.swiftui.SwiftUI-Coolness";
				PRODUCT_NAME = "$(TARGET_NAME)";
				SWIFT_VERSION = 5.0;
				TARGETED_DEVICE_FAMILY = "1,2";
			};
			name = Debug;
		};
		B4CF2E3323899AA9000322E6 /* Release */ = {
			isa = XCBuildConfiguration;
			buildSettings = {
				ASSETCATALOG_COMPILER_APPICON_NAME = AppIcon;
				CODE_SIGN_STYLE = Automatic;
				DEVELOPMENT_ASSET_PATHS = "\"SwiftUI-Coolness/Preview Content\"";
				DEVELOPMENT_TEAM = 7J7LD9SB6Q;
				ENABLE_PREVIEWS = YES;
				INFOPLIST_FILE = "SwiftUI-Coolness/Info.plist";
				LD_RUNPATH_SEARCH_PATHS = (
					"$(inherited)",
					"@executable_path/Frameworks",
				);
				PRODUCT_BUNDLE_IDENTIFIER = "com.aboutobjects.swiftui.SwiftUI-Coolness";
				PRODUCT_NAME = "$(TARGET_NAME)";
				SWIFT_VERSION = 5.0;
				TARGETED_DEVICE_FAMILY = "1,2";
			};
			name = Release;
		};
/* End XCBuildConfiguration section */

/* Begin XCConfigurationList section */
		B49AB2B627ED22AD00BE2701 /* Build configuration list for PBXNativeTarget "UnitTests" */ = {
			isa = XCConfigurationList;
			buildConfigurations = (
				B49AB2B727ED22AD00BE2701 /* Debug */,
				B49AB2B827ED22AD00BE2701 /* Release */,
			);
			defaultConfigurationIsVisible = 0;
			defaultConfigurationName = Release;
		};
		B4CF2E1823899AA6000322E6 /* Build configuration list for PBXProject "SwiftUI-Coolness" */ = {
			isa = XCConfigurationList;
			buildConfigurations = (
				B4CF2E2F23899AA9000322E6 /* Debug */,
				B4CF2E3023899AA9000322E6 /* Release */,
			);
			defaultConfigurationIsVisible = 0;
			defaultConfigurationName = Release;
		};
		B4CF2E3123899AA9000322E6 /* Build configuration list for PBXNativeTarget "SwiftUI-Coolness" */ = {
			isa = XCConfigurationList;
			buildConfigurations = (
				B4CF2E3223899AA9000322E6 /* Debug */,
				B4CF2E3323899AA9000322E6 /* Release */,
			);
			defaultConfigurationIsVisible = 0;
			defaultConfigurationName = Release;
		};
/* End XCConfigurationList section */
	};
	rootObject = B4CF2E1523899AA6000322E6 /* Project object */;
}
